
Microsoft Visual Studio Solution File, Format Version 12.00
# Visual Studio Version 16
VisualStudioVersion = 16.0.32413.511
MinimumVisualStudioVersion = 10.0.40219.1
Project("{2150E333-8FDC-42A3-9474-1A3956D46DE8}") = "API", "API", "{47D11BEC-A151-4291-8765-9B7E4E110803}"
EndProject
Project("{FAE04EC0-301F-11D3-BF4B-00C04F79EFBC}") = "PixAPI", "PixAPI\PixAPI.csproj", "{C71485EF-E148-4F08-B494-713048C08DC0}"
EndProject
Project("{2150E333-8FDC-42A3-9474-1A3956D46DE8}") = "Business", "Business", "{3DF30090-FA46-4F64-9F0F-5C37B67BF87E}"
EndProject
Project("{FAE04EC0-301F-11D3-BF4B-00C04F79EFBC}") = "Business", "Business\Business.csproj", "{CCC2E703-2EAB-4D7C-AEE5-7329208A82E4}"
EndProject
Project("{2150E333-8FDC-42A3-9474-1A3956D46DE8}") = "Data", "Data", "{45840664-F053-478B-BDEF-878FB0DD9E87}"
EndProject
Project("{FAE04EC0-301F-11D3-BF4B-00C04F79EFBC}") = "DataAcess", "DataAcess\DataAcess.csproj", "{D2602E66-01A0-4389-92EE-CAC79F196518}"
EndProject
Global
	GlobalSection(SolutionConfigurationPlatforms) = preSolution
		Debug|Any CPU = Debug|Any CPU
		Release|Any CPU = Release|Any CPU
	EndGlobalSection
	GlobalSection(ProjectConfigurationPlatforms) = postSolution
		{C71485EF-E148-4F08-B494-713048C08DC0}.Debug|Any CPU.ActiveCfg = Debug|Any CPU
		{C71485EF-E148-4F08-B494-713048C08DC0}.Debug|Any CPU.Build.0 = Debug|Any CPU
		{C71485EF-E148-4F08-B494-713048C08DC0}.Release|Any CPU.ActiveCfg = Release|Any CPU
		{C71485EF-E148-4F08-B494-713048C08DC0}.Release|Any CPU.Build.0 = Release|Any CPU
		{CCC2E703-2EAB-4D7C-AEE5-7329208A82E4}.Debug|Any CPU.ActiveCfg = Debug|Any CPU
		{CCC2E703-2EAB-4D7C-AEE5-7329208A82E4}.Debug|Any CPU.Build.0 = Debug|Any CPU
		{CCC2E703-2EAB-4D7C-AEE5-7329208A82E4}.Release|Any CPU.ActiveCfg = Release|Any CPU
		{CCC2E703-2EAB-4D7C-AEE5-7329208A82E4}.Release|Any CPU.Build.0 = Release|Any CPU
		{D2602E66-01A0-4389-92EE-CAC79F196518}.Debug|Any CPU.ActiveCfg = Debug|Any CPU
		{D2602E66-01A0-4389-92EE-CAC79F196518}.Debug|Any CPU.Build.0 = Debug|Any CPU
		{D2602E66-01A0-4389-92EE-CAC79F196518}.Release|Any CPU.ActiveCfg = Release|Any CPU
		{D2602E66-01A0-4389-92EE-CAC79F196518}.Release|Any CPU.Build.0 = Release|Any CPU
	EndGlobalSection
	GlobalSection(SolutionProperties) = preSolution
		HideSolutionNode = FALSE
	EndGlobalSection
	GlobalSection(NestedProjects) = preSolution
		{C71485EF-E148-4F08-B494-713048C08DC0} = {47D11BEC-A151-4291-8765-9B7E4E110803}
		{CCC2E703-2EAB-4D7C-AEE5-7329208A82E4} = {3DF30090-FA46-4F64-9F0F-5C37B67BF87E}
		{D2602E66-01A0-4389-92EE-CAC79F196518} = {45840664-F053-478B-BDEF-878FB0DD9E87}
	EndGlobalSection
	GlobalSection(ExtensibilityGlobals) = postSolution
		SolutionGuid = {B6647DFD-C654-4184-BBFC-18BD0A26CEDA}
	EndGlobalSection
EndGlobal
